
Microsoft Visual Studio Solution File, Format Version 12.00
# Visual Studio Version 16
VisualStudioVersion = 16.0.30621.155
MinimumVisualStudioVersion = 10.0.40219.1
Project("{FAE04EC0-301F-11D3-BF4B-00C04F79EFBC}") = "CrawlerWebApp", "CrawlerWebApp\CrawlerWebApp.csproj", "{046015E1-A869-4EDE-91B0-B692F046C1D0}"
EndProject
Global
	GlobalSection(SolutionConfigurationPlatforms) = preSolution
		Debug|Any CPU = Debug|Any CPU
		Release|Any CPU = Release|Any CPU
	EndGlobalSection
	GlobalSection(ProjectConfigurationPlatforms) = postSolution
		{046015E1-A869-4EDE-91B0-B692F046C1D0}.Debug|Any CPU.ActiveCfg = Debug|Any CPU
		{046015E1-A869-4EDE-91B0-B692F046C1D0}.Debug|Any CPU.Build.0 = Debug|Any CPU
		{046015E1-A869-4EDE-91B0-B692F046C1D0}.Release|Any CPU.ActiveCfg = Release|Any CPU
		{046015E1-A869-4EDE-91B0-B692F046C1D0}.Release|Any CPU.Build.0 = Release|Any CPU
	EndGlobalSection
	GlobalSection(SolutionProperties) = preSolution
		HideSolutionNode = FALSE
	EndGlobalSection
	GlobalSection(ExtensibilityGlobals) = postSolution
		SolutionGuid = {EF6A5488-5E30-478C-939F-DAAF0C087AD7}
	EndGlobalSection
EndGlobal
